
Microsoft Visual Studio Solution File, Format Version 12.00
# Visual Studio 14
VisualStudioVersion = 14.0.23107.0
MinimumVisualStudioVersion = 10.0.40219.1
Project("{FAE04EC0-301F-11D3-BF4B-00C04F79EFBC}") = "PdfViewer", "PdfViewer\PdfViewer\PdfViewer.csproj", "{4D0B35D9-88AE-42DF-83E5-1B258715229B}"
EndProject
Project("{FAE04EC0-301F-11D3-BF4B-00C04F79EFBC}") = "PdfViewer.iOS", "PdfViewer\PdfViewer.iOS\PdfViewer.iOS.csproj", "{C4A9F3A1-F3A7-4315-985D-EB371719E8E5}"
EndProject
Project("{FAE04EC0-301F-11D3-BF4B-00C04F79EFBC}") = "PdfViewer.Droid", "PdfViewer\PdfViewer.Droid\PdfViewer.Droid.csproj", "{96D058FE-D8D9-429F-8370-821B261847B2}"
EndProject
Global
	GlobalSection(SolutionConfigurationPlatforms) = preSolution
		Ad-Hoc|Any CPU = Ad-Hoc|Any CPU
		Ad-Hoc|ARM = Ad-Hoc|ARM
		Ad-Hoc|iPhone = Ad-Hoc|iPhone
		Ad-Hoc|iPhoneSimulator = Ad-Hoc|iPhoneSimulator
		Ad-Hoc|x86 = Ad-Hoc|x86
		AppStore|Any CPU = AppStore|Any CPU
		AppStore|ARM = AppStore|ARM
		AppStore|iPhone = AppStore|iPhone
		AppStore|iPhoneSimulator = AppStore|iPhoneSimulator
		AppStore|x86 = AppStore|x86
		Debug|Any CPU = Debug|Any CPU
		Debug|ARM = Debug|ARM
		Debug|iPhone = Debug|iPhone
		Debug|iPhoneSimulator = Debug|iPhoneSimulator
		Debug|x86 = Debug|x86
		Release|Any CPU = Release|Any CPU
		Release|ARM = Release|ARM
		Release|iPhone = Release|iPhone
		Release|iPhoneSimulator = Release|iPhoneSimulator
		Release|x86 = Release|x86
	EndGlobalSection
	GlobalSection(ProjectConfigurationPlatforms) = postSolution
		{4D0B35D9-88AE-42DF-83E5-1B258715229B}.Ad-Hoc|Any CPU.ActiveCfg = Release|Any CPU
		{4D0B35D9-88AE-42DF-83E5-1B258715229B}.Ad-Hoc|Any CPU.Build.0 = Release|Any CPU
		{4D0B35D9-88AE-42DF-83E5-1B258715229B}.Ad-Hoc|ARM.ActiveCfg = Release|Any CPU
		{4D0B35D9-88AE-42DF-83E5-1B258715229B}.Ad-Hoc|ARM.Build.0 = Release|Any CPU
		{4D0B35D9-88AE-42DF-83E5-1B258715229B}.Ad-Hoc|iPhone.ActiveCfg = Release|Any CPU
		{4D0B35D9-88AE-42DF-83E5-1B258715229B}.Ad-Hoc|iPhone.Build.0 = Release|Any CPU
		{4D0B35D9-88AE-42DF-83E5-1B258715229B}.Ad-Hoc|iPhoneSimulator.ActiveCfg = Release|Any CPU
		{4D0B35D9-88AE-42DF-83E5-1B258715229B}.Ad-Hoc|iPhoneSimulator.Build.0 = Release|Any CPU
		{4D0B35D9-88AE-42DF-83E5-1B258715229B}.Ad-Hoc|x86.ActiveCfg = Release|Any CPU
		{4D0B35D9-88AE-42DF-83E5-1B258715229B}.Ad-Hoc|x86.Build.0 = Release|Any CPU
		{4D0B35D9-88AE-42DF-83E5-1B258715229B}.AppStore|Any CPU.ActiveCfg = Release|Any CPU
		{4D0B35D9-88AE-42DF-83E5-1B258715229B}.AppStore|Any CPU.Build.0 = Release|Any CPU
		{4D0B35D9-88AE-42DF-83E5-1B258715229B}.AppStore|ARM.ActiveCfg = Release|Any CPU
		{4D0B35D9-88AE-42DF-83E5-1B258715229B}.AppStore|ARM.Build.0 = Release|Any CPU
		{4D0B35D9-88AE-42DF-83E5-1B258715229B}.AppStore|iPhone.ActiveCfg = Release|Any CPU
		{4D0B35D9-88AE-42DF-83E5-1B258715229B}.AppStore|iPhone.Build.0 = Release|Any CPU
		{4D0B35D9-88AE-42DF-83E5-1B258715229B}.AppStore|iPhoneSimulator.ActiveCfg = Release|Any CPU
		{4D0B35D9-88AE-42DF-83E5-1B258715229B}.AppStore|iPhoneSimulator.Build.0 = Release|Any CPU
		{4D0B35D9-88AE-42DF-83E5-1B258715229B}.AppStore|x86.ActiveCfg = Release|Any CPU
		{4D0B35D9-88AE-42DF-83E5-1B258715229B}.AppStore|x86.Build.0 = Release|Any CPU
		{4D0B35D9-88AE-42DF-83E5-1B258715229B}.Debug|Any CPU.ActiveCfg = Debug|Any CPU
		{4D0B35D9-88AE-42DF-83E5-1B258715229B}.Debug|Any CPU.Build.0 = Debug|Any CPU
		{4D0B35D9-88AE-42DF-83E5-1B258715229B}.Debug|ARM.ActiveCfg = Debug|Any CPU
		{4D0B35D9-88AE-42DF-83E5-1B258715229B}.Debug|ARM.Build.0 = Debug|Any CPU
		{4D0B35D9-88AE-42DF-83E5-1B258715229B}.Debug|iPhone.ActiveCfg = Debug|Any CPU
		{4D0B35D9-88AE-42DF-83E5-1B258715229B}.Debug|iPhone.Build.0 = Debug|Any CPU
		{4D0B35D9-88AE-42DF-83E5-1B258715229B}.Debug|iPhoneSimulator.ActiveCfg = Debug|Any CPU
		{4D0B35D9-88AE-42DF-83E5-1B258715229B}.Debug|iPhoneSimulator.Build.0 = Debug|Any CPU
		{4D0B35D9-88AE-42DF-83E5-1B258715229B}.Debug|x86.ActiveCfg = Debug|Any CPU
		{4D0B35D9-88AE-42DF-83E5-1B258715229B}.Debug|x86.Build.0 = Debug|Any CPU
		{4D0B35D9-88AE-42DF-83E5-1B258715229B}.Release|Any CPU.ActiveCfg = Release|Any CPU
		{4D0B35D9-88AE-42DF-83E5-1B258715229B}.Release|Any CPU.Build.0 = Release|Any CPU
		{4D0B35D9-88AE-42DF-83E5-1B258715229B}.Release|ARM.ActiveCfg = Release|Any CPU
		{4D0B35D9-88AE-42DF-83E5-1B258715229B}.Release|ARM.Build.0 = Release|Any CPU
		{4D0B35D9-88AE-42DF-83E5-1B258715229B}.Release|iPhone.ActiveCfg = Release|Any CPU
		{4D0B35D9-88AE-42DF-83E5-1B258715229B}.Release|iPhone.Build.0 = Release|Any CPU
		{4D0B35D9-88AE-42DF-83E5-1B258715229B}.Release|iPhoneSimulator.ActiveCfg = Release|Any CPU
		{4D0B35D9-88AE-42DF-83E5-1B258715229B}.Release|iPhoneSimulator.Build.0 = Release|Any CPU
		{4D0B35D9-88AE-42DF-83E5-1B258715229B}.Release|x86.ActiveCfg = Release|Any CPU
		{4D0B35D9-88AE-42DF-83E5-1B258715229B}.Release|x86.Build.0 = Release|Any CPU
		{C4A9F3A1-F3A7-4315-985D-EB371719E8E5}.Ad-Hoc|Any CPU.ActiveCfg = Ad-Hoc|iPhone
		{C4A9F3A1-F3A7-4315-985D-EB371719E8E5}.Ad-Hoc|ARM.ActiveCfg = Ad-Hoc|iPhone
		{C4A9F3A1-F3A7-4315-985D-EB371719E8E5}.Ad-Hoc|iPhone.ActiveCfg = Ad-Hoc|iPhone
		{C4A9F3A1-F3A7-4315-985D-EB371719E8E5}.Ad-Hoc|iPhone.Build.0 = Ad-Hoc|iPhone
		{C4A9F3A1-F3A7-4315-985D-EB371719E8E5}.Ad-Hoc|iPhoneSimulator.ActiveCfg = Ad-Hoc|iPhoneSimulator
		{C4A9F3A1-F3A7-4315-985D-EB371719E8E5}.Ad-Hoc|iPhoneSimulator.Build.0 = Ad-Hoc|iPhoneSimulator
		{C4A9F3A1-F3A7-4315-985D-EB371719E8E5}.Ad-Hoc|x86.ActiveCfg = Ad-Hoc|iPhone
		{C4A9F3A1-F3A7-4315-985D-EB371719E8E5}.AppStore|Any CPU.ActiveCfg = AppStore|iPhone
		{C4A9F3A1-F3A7-4315-985D-EB371719E8E5}.AppStore|ARM.ActiveCfg = AppStore|iPhone
		{C4A9F3A1-F3A7-4315-985D-EB371719E8E5}.AppStore|iPhone.ActiveCfg = AppStore|iPhone
		{C4A9F3A1-F3A7-4315-985D-EB371719E8E5}.AppStore|iPhone.Build.0 = AppStore|iPhone
		{C4A9F3A1-F3A7-4315-985D-EB371719E8E5}.AppStore|iPhoneSimulator.ActiveCfg = AppStore|iPhoneSimulator
		{C4A9F3A1-F3A7-4315-985D-EB371719E8E5}.AppStore|iPhoneSimulator.Build.0 = AppStore|iPhoneSimulator
		{C4A9F3A1-F3A7-4315-985D-EB371719E8E5}.AppStore|x86.ActiveCfg = AppStore|iPhone
		{C4A9F3A1-F3A7-4315-985D-EB371719E8E5}.Debug|Any CPU.ActiveCfg = Debug|iPhone
		{C4A9F3A1-F3A7-4315-985D-EB371719E8E5}.Debug|ARM.ActiveCfg = Debug|iPhone
		{C4A9F3A1-F3A7-4315-985D-EB371719E8E5}.Debug|iPhone.ActiveCfg = Debug|iPhone
		{C4A9F3A1-F3A7-4315-985D-EB371719E8E5}.Debug|iPhone.Build.0 = Debug|iPhone
		{C4A9F3A1-F3A7-4315-985D-EB371719E8E5}.Debug|iPhoneSimulator.ActiveCfg = Debug|iPhoneSimulator
		{C4A9F3A1-F3A7-4315-985D-EB371719E8E5}.Debug|iPhoneSimulator.Build.0 = Debug|iPhoneSimulator
		{C4A9F3A1-F3A7-4315-985D-EB371719E8E5}.Debug|x86.ActiveCfg = Debug|iPhone
		{C4A9F3A1-F3A7-4315-985D-EB371719E8E5}.Release|Any CPU.ActiveCfg = Release|iPhone
		{C4A9F3A1-F3A7-4315-985D-EB371719E8E5}.Release|ARM.ActiveCfg = Release|iPhone
		{C4A9F3A1-F3A7-4315-985D-EB371719E8E5}.Release|iPhone.ActiveCfg = Release|iPhone
		{C4A9F3A1-F3A7-4315-985D-EB371719E8E5}.Release|iPhone.Build.0 = Release|iPhone
		{C4A9F3A1-F3A7-4315-985D-EB371719E8E5}.Release|iPhoneSimulator.ActiveCfg = Release|iPhoneSimulator
		{C4A9F3A1-F3A7-4315-985D-EB371719E8E5}.Release|iPhoneSimulator.Build.0 = Release|iPhoneSimulator
		{C4A9F3A1-F3A7-4315-985D-EB371719E8E5}.Release|x86.ActiveCfg = Release|iPhone
		{96D058FE-D8D9-429F-8370-821B261847B2}.Ad-Hoc|Any CPU.ActiveCfg = Release|Any CPU
		{96D058FE-D8D9-429F-8370-821B261847B2}.Ad-Hoc|Any CPU.Build.0 = Release|Any CPU
		{96D058FE-D8D9-429F-8370-821B261847B2}.Ad-Hoc|Any CPU.Deploy.0 = Release|Any CPU
		{96D058FE-D8D9-429F-8370-821B261847B2}.Ad-Hoc|ARM.ActiveCfg = Release|Any CPU
		{96D058FE-D8D9-429F-8370-821B261847B2}.Ad-Hoc|ARM.Build.0 = Release|Any CPU
		{96D058FE-D8D9-429F-8370-821B261847B2}.Ad-Hoc|ARM.Deploy.0 = Release|Any CPU
		{96D058FE-D8D9-429F-8370-821B261847B2}.Ad-Hoc|iPhone.ActiveCfg = Release|Any CPU
		{96D058FE-D8D9-429F-8370-821B261847B2}.Ad-Hoc|iPhone.Build.0 = Release|Any CPU
		{96D058FE-D8D9-429F-8370-821B261847B2}.Ad-Hoc|iPhone.Deploy.0 = Release|Any CPU
		{96D058FE-D8D9-429F-8370-821B261847B2}.Ad-Hoc|iPhoneSimulator.ActiveCfg = Release|Any CPU
		{96D058FE-D8D9-429F-8370-821B261847B2}.Ad-Hoc|iPhoneSimulator.Build.0 = Release|Any CPU
		{96D058FE-D8D9-429F-8370-821B261847B2}.Ad-Hoc|iPhoneSimulator.Deploy.0 = Release|Any CPU
		{96D058FE-D8D9-429F-8370-821B261847B2}.Ad-Hoc|x86.ActiveCfg = Release|Any CPU
		{96D058FE-D8D9-429F-8370-821B261847B2}.Ad-Hoc|x86.Build.0 = Release|Any CPU
		{96D058FE-D8D9-429F-8370-821B261847B2}.Ad-Hoc|x86.Deploy.0 = Release|Any CPU
		{96D058FE-D8D9-429F-8370-821B261847B2}.AppStore|Any CPU.ActiveCfg = Release|Any CPU
		{96D058FE-D8D9-429F-8370-821B261847B2}.AppStore|Any CPU.Build.0 = Release|Any CPU
		{96D058FE-D8D9-429F-8370-821B261847B2}.AppStore|Any CPU.Deploy.0 = Release|Any CPU
		{96D058FE-D8D9-429F-8370-821B261847B2}.AppStore|ARM.ActiveCfg = Release|Any CPU
		{96D058FE-D8D9-429F-8370-821B261847B2}.AppStore|ARM.Build.0 = Release|Any CPU
		{96D058FE-D8D9-429F-8370-821B261847B2}.AppStore|ARM.Deploy.0 = Release|Any CPU
		{96D058FE-D8D9-429F-8370-821B261847B2}.AppStore|iPhone.ActiveCfg = Release|Any CPU
		{96D058FE-D8D9-429F-8370-821B261847B2}.AppStore|iPhone.Build.0 = Release|Any CPU
		{96D058FE-D8D9-429F-8370-821B261847B2}.AppStore|iPhone.Deploy.0 = Release|Any CPU
		{96D058FE-D8D9-429F-8370-821B261847B2}.AppStore|iPhoneSimulator.ActiveCfg = Release|Any CPU
		{96D058FE-D8D9-429F-8370-821B261847B2}.AppStore|iPhoneSimulator.Build.0 = Release|Any CPU
		{96D058FE-D8D9-429F-8370-821B261847B2}.AppStore|iPhoneSimulator.Deploy.0 = Release|Any CPU
		{96D058FE-D8D9-429F-8370-821B261847B2}.AppStore|x86.ActiveCfg = Release|Any CPU
		{96D058FE-D8D9-429F-8370-821B261847B2}.AppStore|x86.Build.0 = Release|Any CPU
		{96D058FE-D8D9-429F-8370-821B261847B2}.AppStore|x86.Deploy.0 = Release|Any CPU
		{96D058FE-D8D9-429F-8370-821B261847B2}.Debug|Any CPU.ActiveCfg = Debug|Any CPU
		{96D058FE-D8D9-429F-8370-821B261847B2}.Debug|Any CPU.Build.0 = Debug|Any CPU
		{96D058FE-D8D9-429F-8370-821B261847B2}.Debug|Any CPU.Deploy.0 = Debug|Any CPU
		{96D058FE-D8D9-429F-8370-821B261847B2}.Debug|ARM.ActiveCfg = Debug|Any CPU
		{96D058FE-D8D9-429F-8370-821B261847B2}.Debug|ARM.Build.0 = Debug|Any CPU
		{96D058FE-D8D9-429F-8370-821B261847B2}.Debug|ARM.Deploy.0 = Debug|Any CPU
		{96D058FE-D8D9-429F-8370-821B261847B2}.Debug|iPhone.ActiveCfg = Debug|Any CPU
		{96D058FE-D8D9-429F-8370-821B261847B2}.Debug|iPhone.Build.0 = Debug|Any CPU
		{96D058FE-D8D9-429F-8370-821B261847B2}.Debug|iPhone.Deploy.0 = Debug|Any CPU
		{96D058FE-D8D9-429F-8370-821B261847B2}.Debug|iPhoneSimulator.ActiveCfg = Debug|Any CPU
		{96D058FE-D8D9-429F-8370-821B261847B2}.Debug|iPhoneSimulator.Build.0 = Debug|Any CPU
		{96D058FE-D8D9-429F-8370-821B261847B2}.Debug|iPhoneSimulator.Deploy.0 = Debug|Any CPU
		{96D058FE-D8D9-429F-8370-821B261847B2}.Debug|x86.ActiveCfg = Debug|Any CPU
		{96D058FE-D8D9-429F-8370-821B261847B2}.Debug|x86.Build.0 = Debug|Any CPU
		{96D058FE-D8D9-429F-8370-821B261847B2}.Debug|x86.Deploy.0 = Debug|Any CPU
		{96D058FE-D8D9-429F-8370-821B261847B2}.Release|Any CPU.ActiveCfg = Release|Any CPU
		{96D058FE-D8D9-429F-8370-821B261847B2}.Release|Any CPU.Build.0 = Release|Any CPU
		{96D058FE-D8D9-429F-8370-821B261847B2}.Release|Any CPU.Deploy.0 = Release|Any CPU
		{96D058FE-D8D9-429F-8370-821B261847B2}.Release|ARM.ActiveCfg = Release|Any CPU
		{96D058FE-D8D9-429F-8370-821B261847B2}.Release|ARM.Build.0 = Release|Any CPU
		{96D058FE-D8D9-429F-8370-821B261847B2}.Release|ARM.Deploy.0 = Release|Any CPU
		{96D058FE-D8D9-429F-8370-821B261847B2}.Release|iPhone.ActiveCfg = Release|Any CPU
		{96D058FE-D8D9-429F-8370-821B261847B2}.Release|iPhone.Build.0 = Release|Any CPU
		{96D058FE-D8D9-429F-8370-821B261847B2}.Release|iPhone.Deploy.0 = Release|Any CPU
		{96D058FE-D8D9-429F-8370-821B261847B2}.Release|iPhoneSimulator.ActiveCfg = Release|Any CPU
		{96D058FE-D8D9-429F-8370-821B261847B2}.Release|iPhoneSimulator.Build.0 = Release|Any CPU
		{96D058FE-D8D9-429F-8370-821B261847B2}.Release|iPhoneSimulator.Deploy.0 = Release|Any CPU
		{96D058FE-D8D9-429F-8370-821B261847B2}.Release|x86.ActiveCfg = Release|Any CPU
		{96D058FE-D8D9-429F-8370-821B261847B2}.Release|x86.Build.0 = Release|Any CPU
		{96D058FE-D8D9-429F-8370-821B261847B2}.Release|x86.Deploy.0 = Release|Any CPU
	EndGlobalSection
	GlobalSection(SolutionProperties) = preSolution
		HideSolutionNode = FALSE
	EndGlobalSection
EndGlobal
